{
  "name": "46Encrypter",
  "lockfileVersion": 3,
  "requires": true,
  "packages": {
    "": {
      "dependencies": {
        "particle.js": "^1.0.7"
      }
    },
    "node_modules/particle.js": {
      "version": "1.0.7",
      "resolved": "https://registry.npmjs.org/particle.js/-/particle.js-1.0.7.tgz",
      "integrity": "sha512-ZZTwoPORCJPTBhhy72QXhiY1/ToRljFBZHyPt/ccGQkARtac3rFSgkCzriXsDHCVtOasgIX8h4q8AIHl1/hMiw=="
    }
  }
}
